
Microsoft Visual Studio Solution File, Format Version 12.00
# Visual Studio Version 16
VisualStudioVersion = 16.0.810.20
MinimumVisualStudioVersion = 10.0.40219.1
Project("{FAE04EC0-301F-11D3-BF4B-00C04F79EFBC}") = "TwitterStatistics.Repository", "TwitterStatistics.Repository\TwitterStatistics.Repository.csproj", "{F04405B6-9A77-4D2A-941B-8DBCFA1EFCD3}"
EndProject
Project("{FAE04EC0-301F-11D3-BF4B-00C04F79EFBC}") = "TwitterStatistics.DomainServices", "TwitterStatistics.DomainServices\TwitterStatistics.DomainServices.csproj", "{22CB9432-F533-4886-A72E-5F24ABF69799}"
EndProject
Project("{FAE04EC0-301F-11D3-BF4B-00C04F79EFBC}") = "TwitterStatistics.Api", "TwitterStatistics.Api\TwitterStatistics.Api.csproj", "{34A4023D-EF14-4F57-BE60-5B11F86CBF6C}"
EndProject
Global
	GlobalSection(SolutionConfigurationPlatforms) = preSolution
		Debug|Any CPU = Debug|Any CPU
		Release|Any CPU = Release|Any CPU
	EndGlobalSection
	GlobalSection(ProjectConfigurationPlatforms) = postSolution
		{F04405B6-9A77-4D2A-941B-8DBCFA1EFCD3}.Debug|Any CPU.ActiveCfg = Debug|Any CPU
		{F04405B6-9A77-4D2A-941B-8DBCFA1EFCD3}.Debug|Any CPU.Build.0 = Debug|Any CPU
		{F04405B6-9A77-4D2A-941B-8DBCFA1EFCD3}.Release|Any CPU.ActiveCfg = Release|Any CPU
		{F04405B6-9A77-4D2A-941B-8DBCFA1EFCD3}.Release|Any CPU.Build.0 = Release|Any CPU
		{22CB9432-F533-4886-A72E-5F24ABF69799}.Debug|Any CPU.ActiveCfg = Debug|Any CPU
		{22CB9432-F533-4886-A72E-5F24ABF69799}.Debug|Any CPU.Build.0 = Debug|Any CPU
		{22CB9432-F533-4886-A72E-5F24ABF69799}.Release|Any CPU.ActiveCfg = Release|Any CPU
		{22CB9432-F533-4886-A72E-5F24ABF69799}.Release|Any CPU.Build.0 = Release|Any CPU
		{34A4023D-EF14-4F57-BE60-5B11F86CBF6C}.Debug|Any CPU.ActiveCfg = Debug|Any CPU
		{34A4023D-EF14-4F57-BE60-5B11F86CBF6C}.Debug|Any CPU.Build.0 = Debug|Any CPU
		{34A4023D-EF14-4F57-BE60-5B11F86CBF6C}.Release|Any CPU.ActiveCfg = Release|Any CPU
		{34A4023D-EF14-4F57-BE60-5B11F86CBF6C}.Release|Any CPU.Build.0 = Release|Any CPU
	EndGlobalSection
	GlobalSection(SolutionProperties) = preSolution
		HideSolutionNode = FALSE
	EndGlobalSection
	GlobalSection(ExtensibilityGlobals) = postSolution
		SolutionGuid = {77EAF162-2E20-4561-9EAA-CD1273EFEBBD}
	EndGlobalSection
EndGlobal
